
Microsoft Visual Studio Solution File, Format Version 12.00
# Visual Studio Version 16
VisualStudioVersion = 16.0.30204.135
MinimumVisualStudioVersion = 10.0.40219.1
Project("{FAE04EC0-301F-11D3-BF4B-00C04F79EFBC}") = "ALife", "ALife\ALife.csproj", "{BF73E8B5-7A81-444A-827B-6644BD82568B}"
EndProject
Global
	GlobalSection(SolutionConfigurationPlatforms) = preSolution
		Debug|Any CPU = Debug|Any CPU
		Release|Any CPU = Release|Any CPU
	EndGlobalSection
	GlobalSection(ProjectConfigurationPlatforms) = postSolution
		{BF73E8B5-7A81-444A-827B-6644BD82568B}.Debug|Any CPU.ActiveCfg = Debug|Any CPU
		{BF73E8B5-7A81-444A-827B-6644BD82568B}.Debug|Any CPU.Build.0 = Debug|Any CPU
		{BF73E8B5-7A81-444A-827B-6644BD82568B}.Release|Any CPU.ActiveCfg = Release|Any CPU
		{BF73E8B5-7A81-444A-827B-6644BD82568B}.Release|Any CPU.Build.0 = Release|Any CPU
	EndGlobalSection
	GlobalSection(SolutionProperties) = preSolution
		HideSolutionNode = FALSE
	EndGlobalSection
	GlobalSection(ExtensibilityGlobals) = postSolution
		SolutionGuid = {D72D70E0-0A06-432F-80E3-54249652A9F5}
	EndGlobalSection
EndGlobal
